
Microsoft Visual Studio Solution File, Format Version 12.00
# Visual Studio Version 16
VisualStudioVersion = 16.0.810.6
MinimumVisualStudioVersion = 10.0.40219.1
Project("{FAE04EC0-301F-11D3-BF4B-00C04F79EFBC}") = "CalculatorApp.Android", "CalculatorApp.Android\CalculatorApp.Android.csproj", "{47FD712F-1826-44A1-9968-9392EA912094}"
EndProject
Project("{FAE04EC0-301F-11D3-BF4B-00C04F79EFBC}") = "CalculatorApp.iOS", "CalculatorApp.iOS\CalculatorApp.iOS.csproj", "{547205EF-1CBD-44FD-9A70-52684C3EFAE6}"
EndProject
Project("{FAE04EC0-301F-11D3-BF4B-00C04F79EFBC}") = "CalculatorApp", "CalculatorApp\CalculatorApp.csproj", "{8CF49878-C434-4A53-9C33-3373D147FDAB}"
EndProject
Project("{FAE04EC0-301F-11D3-BF4B-00C04F79EFBC}") = "CalculatorApp.Tests", "CalculatorApp.Tests\CalculatorApp.Tests.csproj", "{4A4680C1-CC9A-46B3-A1DB-A3504C25F4AD}"
EndProject
Global
	GlobalSection(SolutionConfigurationPlatforms) = preSolution
		Debug|Any CPU = Debug|Any CPU
		Release|Any CPU = Release|Any CPU
		Debug|iPhoneSimulator = Debug|iPhoneSimulator
		Release|iPhoneSimulator = Release|iPhoneSimulator
		Debug|iPhone = Debug|iPhone
		Release|iPhone = Release|iPhone
	EndGlobalSection
	GlobalSection(ProjectConfigurationPlatforms) = postSolution
		{47FD712F-1826-44A1-9968-9392EA912094}.Debug|Any CPU.ActiveCfg = Debug|Any CPU
		{47FD712F-1826-44A1-9968-9392EA912094}.Debug|Any CPU.Build.0 = Debug|Any CPU
		{47FD712F-1826-44A1-9968-9392EA912094}.Release|Any CPU.ActiveCfg = Release|Any CPU
		{47FD712F-1826-44A1-9968-9392EA912094}.Release|Any CPU.Build.0 = Release|Any CPU
		{47FD712F-1826-44A1-9968-9392EA912094}.Debug|iPhoneSimulator.ActiveCfg = Debug|Any CPU
		{47FD712F-1826-44A1-9968-9392EA912094}.Debug|iPhoneSimulator.Build.0 = Debug|Any CPU
		{47FD712F-1826-44A1-9968-9392EA912094}.Release|iPhoneSimulator.ActiveCfg = Release|Any CPU
		{47FD712F-1826-44A1-9968-9392EA912094}.Release|iPhoneSimulator.Build.0 = Release|Any CPU
		{47FD712F-1826-44A1-9968-9392EA912094}.Debug|iPhone.ActiveCfg = Debug|Any CPU
		{47FD712F-1826-44A1-9968-9392EA912094}.Debug|iPhone.Build.0 = Debug|Any CPU
		{47FD712F-1826-44A1-9968-9392EA912094}.Release|iPhone.ActiveCfg = Release|Any CPU
		{47FD712F-1826-44A1-9968-9392EA912094}.Release|iPhone.Build.0 = Release|Any CPU
		{547205EF-1CBD-44FD-9A70-52684C3EFAE6}.Debug|Any CPU.ActiveCfg = Debug|iPhoneSimulator
		{547205EF-1CBD-44FD-9A70-52684C3EFAE6}.Debug|Any CPU.Build.0 = Debug|iPhoneSimulator
		{547205EF-1CBD-44FD-9A70-52684C3EFAE6}.Release|Any CPU.ActiveCfg = Release|iPhoneSimulator
		{547205EF-1CBD-44FD-9A70-52684C3EFAE6}.Release|Any CPU.Build.0 = Release|iPhoneSimulator
		{547205EF-1CBD-44FD-9A70-52684C3EFAE6}.Debug|iPhoneSimulator.ActiveCfg = Debug|iPhoneSimulator
		{547205EF-1CBD-44FD-9A70-52684C3EFAE6}.Debug|iPhoneSimulator.Build.0 = Debug|iPhoneSimulator
		{547205EF-1CBD-44FD-9A70-52684C3EFAE6}.Release|iPhoneSimulator.ActiveCfg = Release|iPhoneSimulator
		{547205EF-1CBD-44FD-9A70-52684C3EFAE6}.Release|iPhoneSimulator.Build.0 = Release|iPhoneSimulator
		{547205EF-1CBD-44FD-9A70-52684C3EFAE6}.Debug|iPhone.ActiveCfg = Debug|iPhone
		{547205EF-1CBD-44FD-9A70-52684C3EFAE6}.Debug|iPhone.Build.0 = Debug|iPhone
		{547205EF-1CBD-44FD-9A70-52684C3EFAE6}.Release|iPhone.ActiveCfg = Release|iPhone
		{547205EF-1CBD-44FD-9A70-52684C3EFAE6}.Release|iPhone.Build.0 = Release|iPhone
		{8CF49878-C434-4A53-9C33-3373D147FDAB}.Debug|Any CPU.ActiveCfg = Debug|Any CPU
		{8CF49878-C434-4A53-9C33-3373D147FDAB}.Debug|Any CPU.Build.0 = Debug|Any CPU
		{8CF49878-C434-4A53-9C33-3373D147FDAB}.Release|Any CPU.ActiveCfg = Release|Any CPU
		{8CF49878-C434-4A53-9C33-3373D147FDAB}.Release|Any CPU.Build.0 = Release|Any CPU
		{8CF49878-C434-4A53-9C33-3373D147FDAB}.Debug|iPhoneSimulator.ActiveCfg = Debug|Any CPU
		{8CF49878-C434-4A53-9C33-3373D147FDAB}.Debug|iPhoneSimulator.Build.0 = Debug|Any CPU
		{8CF49878-C434-4A53-9C33-3373D147FDAB}.Release|iPhoneSimulator.ActiveCfg = Release|Any CPU
		{8CF49878-C434-4A53-9C33-3373D147FDAB}.Release|iPhoneSimulator.Build.0 = Release|Any CPU
		{8CF49878-C434-4A53-9C33-3373D147FDAB}.Debug|iPhone.ActiveCfg = Debug|Any CPU
		{8CF49878-C434-4A53-9C33-3373D147FDAB}.Debug|iPhone.Build.0 = Debug|Any CPU
		{8CF49878-C434-4A53-9C33-3373D147FDAB}.Release|iPhone.ActiveCfg = Release|Any CPU
		{8CF49878-C434-4A53-9C33-3373D147FDAB}.Release|iPhone.Build.0 = Release|Any CPU
		{4A4680C1-CC9A-46B3-A1DB-A3504C25F4AD}.Debug|Any CPU.ActiveCfg = Debug|Any CPU
		{4A4680C1-CC9A-46B3-A1DB-A3504C25F4AD}.Debug|Any CPU.Build.0 = Debug|Any CPU
		{4A4680C1-CC9A-46B3-A1DB-A3504C25F4AD}.Release|Any CPU.ActiveCfg = Release|Any CPU
		{4A4680C1-CC9A-46B3-A1DB-A3504C25F4AD}.Release|Any CPU.Build.0 = Release|Any CPU
		{4A4680C1-CC9A-46B3-A1DB-A3504C25F4AD}.Debug|iPhoneSimulator.ActiveCfg = Debug|Any CPU
		{4A4680C1-CC9A-46B3-A1DB-A3504C25F4AD}.Debug|iPhoneSimulator.Build.0 = Debug|Any CPU
		{4A4680C1-CC9A-46B3-A1DB-A3504C25F4AD}.Release|iPhoneSimulator.ActiveCfg = Release|Any CPU
		{4A4680C1-CC9A-46B3-A1DB-A3504C25F4AD}.Release|iPhoneSimulator.Build.0 = Release|Any CPU
		{4A4680C1-CC9A-46B3-A1DB-A3504C25F4AD}.Debug|iPhone.ActiveCfg = Debug|Any CPU
		{4A4680C1-CC9A-46B3-A1DB-A3504C25F4AD}.Debug|iPhone.Build.0 = Debug|Any CPU
		{4A4680C1-CC9A-46B3-A1DB-A3504C25F4AD}.Release|iPhone.ActiveCfg = Release|Any CPU
		{4A4680C1-CC9A-46B3-A1DB-A3504C25F4AD}.Release|iPhone.Build.0 = Release|Any CPU
	EndGlobalSection
	GlobalSection(SolutionProperties) = preSolution
		HideSolutionNode = FALSE
	EndGlobalSection
	GlobalSection(ExtensibilityGlobals) = postSolution
		SolutionGuid = {2187E3B6-2E1F-4F7F-A8F4-AD00F02788A9}
	EndGlobalSection
EndGlobal
